# This file is generated by running "yarn install" inside your project.
# Manual changes might be lost - proceed with caution!

__metadata:
  version: 6
  cacheKey: 8c0

"@cspotcode/source-map-support@npm:^0.8.0":
  version: 0.8.1
  resolution: "@cspotcode/source-map-support@npm:0.8.1"
  dependencies:
    "@jridgewell/trace-mapping": 0.3.9
  checksum: 05c5368c13b662ee4c122c7bfbe5dc0b613416672a829f3e78bc49a357a197e0218d6e74e7c66cfcd04e15a179acab080bd3c69658c9fbefd0e1ccd950a07fc6
  languageName: node
  linkType: hard

"@fastify/ajv-compiler@npm:^3.5.0":
  version: 3.5.0
  resolution: "@fastify/ajv-compiler@npm:3.5.0"
  dependencies:
    ajv: ^8.11.0
    ajv-formats: ^2.1.1
    fast-uri: ^2.0.0
  checksum: d10df76b7016984bf70bc6aca99962468ec43e0be5772d4aa3a7735ae78be44fdbcb2c078fe0cfdffec076080dfb7cbdbf4b729e52b168039477126f9d023af0
  languageName: node
  linkType: hard

"@fastify/cors@npm:^9.0.1":
  version: 9.0.1
  resolution: "@fastify/cors@npm:9.0.1"
  dependencies:
    fastify-plugin: ^4.0.0
    mnemonist: 0.39.6
  checksum: 4db9d3d02edbca741c8ed053819bf3b235ecd70e07c640ed91ba0fc1ee2dc8abedbbffeb79ae1a38ccbf59832e414cad90a554ee44227d0811d5a2d062940611
  languageName: node
  linkType: hard

"@fastify/env@npm:^4.3.0":
  version: 4.3.0
  resolution: "@fastify/env@npm:4.3.0"
  dependencies:
    env-schema: ^5.0.0
    fastify-plugin: ^4.0.0
  checksum: 29cc217c41051667ce1910c57ace768abf5afd6941d5d3811ec085ead79f87f483e75f33bf8e0fb246d07de9ea6c1efce8855a748c577af278ac06978f0bbe87
  languageName: node
  linkType: hard

"@fastify/error@npm:^3.3.0, @fastify/error@npm:^3.4.0":
  version: 3.4.1
  resolution: "@fastify/error@npm:3.4.1"
  checksum: 1f1a0faa8c86639afb6f4bd47a9cdc1f0f20ce0d6944340fbdec8218aaba91dc9cae9ed78e24e61bceb782a867efda2b9a6320091f00dcbb896d9c8a9bdf5f96
  languageName: node
  linkType: hard

"@fastify/fast-json-stringify-compiler@npm:^4.3.0":
  version: 4.3.0
  resolution: "@fastify/fast-json-stringify-compiler@npm:4.3.0"
  dependencies:
    fast-json-stringify: ^5.7.0
  checksum: 513ef296f5ed682f7a460cfa6c5fb917a32fc540111b873c9937f944558e021492b18f30f9fd8dd20db252381a4428adbcc9f03a077f16c86d02f081eb490c7b
  languageName: node
  linkType: hard

"@fastify/merge-json-schemas@npm:^0.1.0":
  version: 0.1.1
  resolution: "@fastify/merge-json-schemas@npm:0.1.1"
  dependencies:
    fast-deep-equal: ^3.1.3
  checksum: 7979ce12724f7b98aea06f0bb9afb20dd869f0ff6fc697517135cbb54e0a36b062cbb38ec176fe43d1fc455576839240df8f33533939ace2d64a6218a6e6b9c1
  languageName: node
  linkType: hard

"@jridgewell/resolve-uri@npm:^3.0.3":
  version: 3.1.2
  resolution: "@jridgewell/resolve-uri@npm:3.1.2"
  checksum: d502e6fb516b35032331406d4e962c21fe77cdf1cbdb49c6142bcbd9e30507094b18972778a6e27cbad756209cfe34b1a27729e6fa08a2eb92b33943f680cf1e
  languageName: node
  linkType: hard

"@jridgewell/sourcemap-codec@npm:^1.4.10":
  version: 1.4.15
  resolution: "@jridgewell/sourcemap-codec@npm:1.4.15"
  checksum: 0c6b5ae663087558039052a626d2d7ed5208da36cfd707dcc5cea4a07cfc918248403dcb5989a8f7afaf245ce0573b7cc6fd94c4a30453bd10e44d9363940ba5
  languageName: node
  linkType: hard

"@jridgewell/trace-mapping@npm:0.3.9":
  version: 0.3.9
  resolution: "@jridgewell/trace-mapping@npm:0.3.9"
  dependencies:
    "@jridgewell/resolve-uri": ^3.0.3
    "@jridgewell/sourcemap-codec": ^1.4.10
  checksum: fa425b606d7c7ee5bfa6a31a7b050dd5814b4082f318e0e4190f991902181b4330f43f4805db1dd4f2433fd0ed9cc7a7b9c2683f1deeab1df1b0a98b1e24055b
  languageName: node
  linkType: hard

"@tsconfig/node10@npm:^1.0.7":
  version: 1.0.11
  resolution: "@tsconfig/node10@npm:1.0.11"
  checksum: 28a0710e5d039e0de484bdf85fee883bfd3f6a8980601f4d44066b0a6bcd821d31c4e231d1117731c4e24268bd4cf2a788a6787c12fc7f8d11014c07d582783c
  languageName: node
  linkType: hard

"@tsconfig/node12@npm:^1.0.7":
  version: 1.0.11
  resolution: "@tsconfig/node12@npm:1.0.11"
  checksum: dddca2b553e2bee1308a056705103fc8304e42bb2d2cbd797b84403a223b25c78f2c683ec3e24a095e82cd435387c877239bffcb15a590ba817cd3f6b9a99fd9
  languageName: node
  linkType: hard

"@tsconfig/node14@npm:^1.0.0":
  version: 1.0.3
  resolution: "@tsconfig/node14@npm:1.0.3"
  checksum: 67c1316d065fdaa32525bc9449ff82c197c4c19092b9663b23213c8cbbf8d88b6ed6a17898e0cbc2711950fbfaf40388938c1c748a2ee89f7234fc9e7fe2bf44
  languageName: node
  linkType: hard

"@tsconfig/node16@npm:^1.0.2":
  version: 1.0.4
  resolution: "@tsconfig/node16@npm:1.0.4"
  checksum: 05f8f2734e266fb1839eb1d57290df1664fe2aa3b0fdd685a9035806daa635f7519bf6d5d9b33f6e69dd545b8c46bd6e2b5c79acb2b1f146e885f7f11a42a5bb
  languageName: node
  linkType: hard

"@tsconfig/node20@npm:^20.1.4":
  version: 20.1.4
  resolution: "@tsconfig/node20@npm:20.1.4"
  checksum: 239cd6abaceaaffc758e7a9dd3748ec1acfdabd6de28a9a16a3824c21f17ad69a16184870298460345d2fb6f3663d092c21d5b764bef669a179658b4a7eac739
  languageName: node
  linkType: hard

"@types/node@npm:^20.12.12":
  version: 20.12.12
  resolution: "@types/node@npm:20.12.12"
  dependencies:
    undici-types: ~5.26.4
  checksum: f374b763c744e8f16e4f38cf6e2c0eef31781ec9228c9e43a6f267880fea420fab0a238b59f10a7cb3444e49547c5e3785787e371fc242307310995b21988812
  languageName: node
  linkType: hard

"abort-controller@npm:^3.0.0":
  version: 3.0.0
  resolution: "abort-controller@npm:3.0.0"
  dependencies:
    event-target-shim: ^5.0.0
  checksum: 90ccc50f010250152509a344eb2e71977fbf8db0ab8f1061197e3275ddf6c61a41a6edfd7b9409c664513131dd96e962065415325ef23efa5db931b382d24ca5
  languageName: node
  linkType: hard

"abstract-logging@npm:^2.0.1":
  version: 2.0.1
  resolution: "abstract-logging@npm:2.0.1"
  checksum: 304879d9babcf6772260e5ddde632e6428e1f42f7a7a116d4689e97ad813a20e0ec2dd1e0a122f3617557f40091b9ca85735de4b48c17a2041268cb47b3f8ef1
  languageName: node
  linkType: hard

"acorn-walk@npm:^8.1.1":
  version: 8.3.2
  resolution: "acorn-walk@npm:8.3.2"
  checksum: 7e2a8dad5480df7f872569b9dccff2f3da7e65f5353686b1d6032ab9f4ddf6e3a2cb83a9b52cf50b1497fd522154dda92f0abf7153290cc79cd14721ff121e52
  languageName: node
  linkType: hard

"acorn@npm:^8.4.1":
  version: 8.11.3
  resolution: "acorn@npm:8.11.3"
  bin:
    acorn: bin/acorn
  checksum: 3ff155f8812e4a746fee8ecff1f227d527c4c45655bb1fad6347c3cb58e46190598217551b1500f18542d2bbe5c87120cb6927f5a074a59166fbdd9468f0a299
  languageName: node
  linkType: hard

"ajv-formats@npm:^2.1.1":
  version: 2.1.1
  resolution: "ajv-formats@npm:2.1.1"
  dependencies:
    ajv: ^8.0.0
  peerDependencies:
    ajv: ^8.0.0
  peerDependenciesMeta:
    ajv:
      optional: true
  checksum: e43ba22e91b6a48d96224b83d260d3a3a561b42d391f8d3c6d2c1559f9aa5b253bfb306bc94bbeca1d967c014e15a6efe9a207309e95b3eaae07fcbcdc2af662
  languageName: node
  linkType: hard

"ajv-formats@npm:^3.0.1":
  version: 3.0.1
  resolution: "ajv-formats@npm:3.0.1"
  dependencies:
    ajv: ^8.0.0
  peerDependencies:
    ajv: ^8.0.0
  peerDependenciesMeta:
    ajv:
      optional: true
  checksum: 168d6bca1ea9f163b41c8147bae537e67bd963357a5488a1eaf3abe8baa8eec806d4e45f15b10767e6020679315c7e1e5e6803088dfb84efa2b4e9353b83dd0a
  languageName: node
  linkType: hard

"ajv@npm:^8.0.0, ajv@npm:^8.10.0, ajv@npm:^8.11.0":
  version: 8.13.0
  resolution: "ajv@npm:8.13.0"
  dependencies:
    fast-deep-equal: ^3.1.3
    json-schema-traverse: ^1.0.0
    require-from-string: ^2.0.2
    uri-js: ^4.4.1
  checksum: 14c6497b6f72843986d7344175a1aa0e2c35b1e7f7475e55bc582cddb765fca7e6bf950f465dc7846f817776d9541b706f4b5b3fbedd8dfdeb5fce6f22864264
  languageName: node
  linkType: hard

"arg@npm:^4.1.0":
  version: 4.1.3
  resolution: "arg@npm:4.1.3"
  checksum: 070ff801a9d236a6caa647507bdcc7034530604844d64408149a26b9e87c2f97650055c0f049abd1efc024b334635c01f29e0b632b371ac3f26130f4cf65997a
  languageName: node
  linkType: hard

"atomic-sleep@npm:^1.0.0":
  version: 1.0.0
  resolution: "atomic-sleep@npm:1.0.0"
  checksum: e329a6665512736a9bbb073e1761b4ec102f7926cce35037753146a9db9c8104f5044c1662e4a863576ce544fb8be27cd2be6bc8c1a40147d03f31eb1cfb6e8a
  languageName: node
  linkType: hard

"avvio@npm:^8.3.0":
  version: 8.3.2
  resolution: "avvio@npm:8.3.2"
  dependencies:
    "@fastify/error": ^3.3.0
    fastq: ^1.17.1
  checksum: 280767ca1259cac1e78fc75ee4f1f6a735914e045015b1ac4c0ce9c5b0933edcb7e9a31fb286a479e51e56562b352dcfa35941e6f555edd341ed5d355e36e4ac
  languageName: node
  linkType: hard

"base64-js@npm:^1.3.1":
  version: 1.5.1
  resolution: "base64-js@npm:1.5.1"
  checksum: f23823513b63173a001030fae4f2dabe283b99a9d324ade3ad3d148e218134676f1ee8568c877cd79ec1c53158dcf2d2ba527a97c606618928ba99dd930102bf
  languageName: node
  linkType: hard

"buffer@npm:^6.0.3":
  version: 6.0.3
  resolution: "buffer@npm:6.0.3"
  dependencies:
    base64-js: ^1.3.1
    ieee754: ^1.2.1
  checksum: 2a905fbbcde73cc5d8bd18d1caa23715d5f83a5935867c2329f0ac06104204ba7947be098fe1317fbd8830e26090ff8e764f08cd14fefc977bb248c3487bcbd0
  languageName: node
  linkType: hard

"cookie@npm:^0.6.0":
  version: 0.6.0
  resolution: "cookie@npm:0.6.0"
  checksum: f2318b31af7a31b4ddb4a678d024514df5e705f9be5909a192d7f116cfb6d45cbacf96a473fa733faa95050e7cff26e7832bb3ef94751592f1387b71c8956686
  languageName: node
  linkType: hard

"create-require@npm:^1.1.0":
  version: 1.1.1
  resolution: "create-require@npm:1.1.1"
  checksum: 157cbc59b2430ae9a90034a5f3a1b398b6738bf510f713edc4d4e45e169bc514d3d99dd34d8d01ca7ae7830b5b8b537e46ae8f3c8f932371b0875c0151d7ec91
  languageName: node
  linkType: hard

"diff@npm:^4.0.1":
  version: 4.0.2
  resolution: "diff@npm:4.0.2"
  checksum: 81b91f9d39c4eaca068eb0c1eb0e4afbdc5bb2941d197f513dd596b820b956fef43485876226d65d497bebc15666aa2aa82c679e84f65d5f2bfbf14ee46e32c1
  languageName: node
  linkType: hard

"dotenv-expand@npm:^10.0.0":
  version: 10.0.0
  resolution: "dotenv-expand@npm:10.0.0"
  checksum: 298f5018e29cfdcb0b5f463ba8e8627749103fbcf6cf81c561119115754ed582deee37b49dfc7253028aaba875ab7aea5fa90e5dac88e511d009ab0e6677924e
  languageName: node
  linkType: hard

"dotenv@npm:^16.0.0":
  version: 16.4.5
  resolution: "dotenv@npm:16.4.5"
  checksum: 48d92870076832af0418b13acd6e5a5a3e83bb00df690d9812e94b24aff62b88ade955ac99a05501305b8dc8f1b0ee7638b18493deb6fe93d680e5220936292f
  languageName: node
  linkType: hard

"env-schema@npm:^5.0.0":
  version: 5.2.1
  resolution: "env-schema@npm:5.2.1"
  dependencies:
    ajv: ^8.0.0
    dotenv: ^16.0.0
    dotenv-expand: ^10.0.0
  checksum: bc79b7157f0ba98df95226512acdfa18781523e1dea0715954638042dcdffadcc9497946d87bea95ff4bb6b47b666a9fca02da621a487f085a08dd196f3058f7
  languageName: node
  linkType: hard

"event-target-shim@npm:^5.0.0":
  version: 5.0.1
  resolution: "event-target-shim@npm:5.0.1"
  checksum: 0255d9f936215fd206156fd4caa9e8d35e62075d720dc7d847e89b417e5e62cf1ce6c9b4e0a1633a9256de0efefaf9f8d26924b1f3c8620cffb9db78e7d3076b
  languageName: node
  linkType: hard

"events@npm:^3.3.0":
  version: 3.3.0
  resolution: "events@npm:3.3.0"
  checksum: d6b6f2adbccbcda74ddbab52ed07db727ef52e31a61ed26db9feb7dc62af7fc8e060defa65e5f8af9449b86b52cc1a1f6a79f2eafcf4e62add2b7a1fa4a432f6
  languageName: node
  linkType: hard

"fast-content-type-parse@npm:^1.1.0":
  version: 1.1.0
  resolution: "fast-content-type-parse@npm:1.1.0"
  checksum: 882bf990fa5d64be1825ce183818db43900ece0d7ef184cb9409bae8ed1001acbe536a657b1496382cb3e308e71ab39cc399bbdae70cba1745eecaeca4e55384
  languageName: node
  linkType: hard

"fast-decode-uri-component@npm:^1.0.1":
  version: 1.0.1
  resolution: "fast-decode-uri-component@npm:1.0.1"
  checksum: 039d50c2e99d64f999c3f2126c23fbf75a04a4117e218a149ca0b1d2aeb8c834b7b19d643b9d35d4eabce357189a6a94085f78cf48869e6e26cc59b036284bc3
  languageName: node
  linkType: hard

"fast-deep-equal@npm:^3.1.3":
  version: 3.1.3
  resolution: "fast-deep-equal@npm:3.1.3"
  checksum: 40dedc862eb8992c54579c66d914635afbec43350afbbe991235fdcb4e3a8d5af1b23ae7e79bef7d4882d0ecee06c3197488026998fb19f72dc95acff1d1b1d0
  languageName: node
  linkType: hard

"fast-json-stringify@npm:^5.7.0, fast-json-stringify@npm:^5.8.0":
  version: 5.16.0
  resolution: "fast-json-stringify@npm:5.16.0"
  dependencies:
    "@fastify/merge-json-schemas": ^0.1.0
    ajv: ^8.10.0
    ajv-formats: ^3.0.1
    fast-deep-equal: ^3.1.3
    fast-uri: ^2.1.0
    json-schema-ref-resolver: ^1.0.1
    rfdc: ^1.2.0
  checksum: 03d12097eb054dbfd585b494a5ff37f7fca5e68fd167029b91156423cc78eb854ff40c6fa6cc6f56305dabc4616836b7dbbddd05c3fed306444b751b428544f1
  languageName: node
  linkType: hard

"fast-querystring@npm:^1.0.0":
  version: 1.1.2
  resolution: "fast-querystring@npm:1.1.2"
  dependencies:
    fast-decode-uri-component: ^1.0.1
  checksum: e8223273a9b199722f760f5a047a77ad049a14bd444b821502cb8218f5925e3a5fffb56b64389bca73ab2ac6f1aa7aebbe4e203e5f6e53ff5978de97c0fde4e3
  languageName: node
  linkType: hard

"fast-redact@npm:^3.1.1":
  version: 3.5.0
  resolution: "fast-redact@npm:3.5.0"
  checksum: 7e2ce4aad6e7535e0775bf12bd3e4f2e53d8051d8b630e0fa9e67f68cb0b0e6070d2f7a94b1d0522ef07e32f7c7cda5755e2b677a6538f1e9070ca053c42343a
  languageName: node
  linkType: hard

"fast-uri@npm:^2.0.0, fast-uri@npm:^2.1.0":
  version: 2.3.0
  resolution: "fast-uri@npm:2.3.0"
  checksum: 72844622c8b9d92dbb783723628d1069c999b31bfaa74af9e9afae0e0c22faf18c988a0ce55e775dce4c404f4cca75fa43e1f0ab07075342cff99796f4920945
  languageName: node
  linkType: hard

"fastify-plugin@npm:^4.0.0":
  version: 4.5.1
  resolution: "fastify-plugin@npm:4.5.1"
  checksum: f58f79cd9d3c88fd7f79a3270276c6339fc57bbe72ef14d20b73779193c404e317ac18e8eae2c5071b3909ebee45d7eb6871da4e65464ac64ed0d9746b4e9b9f
  languageName: node
  linkType: hard

"fastify@npm:^4.27.0":
  version: 4.27.0
  resolution: "fastify@npm:4.27.0"
  dependencies:
    "@fastify/ajv-compiler": ^3.5.0
    "@fastify/error": ^3.4.0
    "@fastify/fast-json-stringify-compiler": ^4.3.0
    abstract-logging: ^2.0.1
    avvio: ^8.3.0
    fast-content-type-parse: ^1.1.0
    fast-json-stringify: ^5.8.0
    find-my-way: ^8.0.0
    light-my-request: ^5.11.0
    pino: ^9.0.0
    process-warning: ^3.0.0
    proxy-addr: ^2.0.7
    rfdc: ^1.3.0
    secure-json-parse: ^2.7.0
    semver: ^7.5.4
    toad-cache: ^3.3.0
  checksum: 879e9d3f6b9521bea29255c79ca1ddf3dd4c017937a25e7348d7686625c7dd56f21af18e6db2ecdd41d07e5c73a779ab0bb1f5d6b081909bf3e8caadaf669160
  languageName: node
  linkType: hard

"fastq@npm:^1.17.1":
  version: 1.17.1
  resolution: "fastq@npm:1.17.1"
  dependencies:
    reusify: ^1.0.4
  checksum: 1095f16cea45fb3beff558bb3afa74ca7a9250f5a670b65db7ed585f92b4b48381445cd328b3d87323da81e43232b5d5978a8201bde84e0cd514310f1ea6da34
  languageName: node
  linkType: hard

"find-my-way@npm:^8.0.0":
  version: 8.2.0
  resolution: "find-my-way@npm:8.2.0"
  dependencies:
    fast-deep-equal: ^3.1.3
    fast-querystring: ^1.0.0
    safe-regex2: ^3.1.0
  checksum: f0f0370215f7b693729483481cd8c642a2e42e7ec7296f099faf46c523a3cac2bcafc24229dc971f87def36c5fa1fdf7f08a7238144affd2ab3c57f75b9aaca6
  languageName: node
  linkType: hard

"forwarded@npm:0.2.0":
  version: 0.2.0
  resolution: "forwarded@npm:0.2.0"
  checksum: 9b67c3fac86acdbc9ae47ba1ddd5f2f81526fa4c8226863ede5600a3f7c7416ef451f6f1e240a3cc32d0fd79fcfe6beb08fd0da454f360032bde70bf80afbb33
  languageName: node
  linkType: hard

"ieee754@npm:^1.2.1":
  version: 1.2.1
  resolution: "ieee754@npm:1.2.1"
  checksum: b0782ef5e0935b9f12883a2e2aa37baa75da6e66ce6515c168697b42160807d9330de9a32ec1ed73149aea02e0d822e572bca6f1e22bdcbd2149e13b050b17bb
  languageName: node
  linkType: hard

"ipaddr.js@npm:1.9.1":
  version: 1.9.1
  resolution: "ipaddr.js@npm:1.9.1"
  checksum: 0486e775047971d3fdb5fb4f063829bac45af299ae0b82dcf3afa2145338e08290563a2a70f34b732d795ecc8311902e541a8530eeb30d75860a78ff4e94ce2a
  languageName: node
  linkType: hard

"json-schema-ref-resolver@npm:^1.0.1":
  version: 1.0.1
  resolution: "json-schema-ref-resolver@npm:1.0.1"
  dependencies:
    fast-deep-equal: ^3.1.3
  checksum: aa89d88108c0109ae35b913c89c132fb50c00f3b99fc8a8309b524b9e3a6a77414f19a6a35a1253871462984cbabc74279ebbd9bf103c6629fb7b37c9fb59bcf
  languageName: node
  linkType: hard

"json-schema-traverse@npm:^1.0.0":
  version: 1.0.0
  resolution: "json-schema-traverse@npm:1.0.0"
  checksum: 71e30015d7f3d6dc1c316d6298047c8ef98a06d31ad064919976583eb61e1018a60a0067338f0f79cabc00d84af3fcc489bd48ce8a46ea165d9541ba17fb30c6
  languageName: node
  linkType: hard

"light-my-request@npm:^5.11.0":
  version: 5.13.0
  resolution: "light-my-request@npm:5.13.0"
  dependencies:
    cookie: ^0.6.0
    process-warning: ^3.0.0
    set-cookie-parser: ^2.4.1
  checksum: 460117f30e09c2eec3a62e6ba4264111a28b881fdd0ea79493ed889ebf69a56482d603f0685a0e2930b5ec53205d28c46f3cdf13d7888914852eb7c4dac83285
  languageName: node
  linkType: hard

"make-error@npm:^1.1.1":
  version: 1.3.6
  resolution: "make-error@npm:1.3.6"
  checksum: 171e458d86854c6b3fc46610cfacf0b45149ba043782558c6875d9f42f222124384ad0b468c92e996d815a8a2003817a710c0a160e49c1c394626f76fa45396f
  languageName: node
  linkType: hard

"mnemonist@npm:0.39.6":
  version: 0.39.6
  resolution: "mnemonist@npm:0.39.6"
  dependencies:
    obliterator: ^2.0.1
  checksum: a538945ea547976136ee6e16f224c0a50983143619941f6c4d2c82159e36eb6f8ee93d69d3a1267038fc5b16f88e2d43390023de10dfb145fa15c5e2befa1cdf
  languageName: node
  linkType: hard

"obliterator@npm:^2.0.1":
  version: 2.0.4
  resolution: "obliterator@npm:2.0.4"
  checksum: ff2c10d4de7d62cd1d588b4d18dfc42f246c9e3a259f60d5716f7f88e5b3a3f79856b3207db96ec9a836a01d0958a21c15afa62a3f4e73a1e0b75f2c2f6bab40
  languageName: node
  linkType: hard

"on-exit-leak-free@npm:^2.1.0":
  version: 2.1.2
  resolution: "on-exit-leak-free@npm:2.1.2"
  checksum: faea2e1c9d696ecee919026c32be8d6a633a7ac1240b3b87e944a380e8a11dc9c95c4a1f8fb0568de7ab8db3823e790f12bda45296b1d111e341aad3922a0570
  languageName: node
  linkType: hard

"pino-abstract-transport@npm:^1.2.0":
  version: 1.2.0
  resolution: "pino-abstract-transport@npm:1.2.0"
  dependencies:
    readable-stream: ^4.0.0
    split2: ^4.0.0
  checksum: b4ab59529b7a91f488440147fc58ee0827a6c1c5ca3627292339354b1381072c1a6bfa9b46d03ad27872589e8477ecf74da12cf286e1e6b665ac64a3b806bf07
  languageName: node
  linkType: hard

"pino-std-serializers@npm:^7.0.0":
  version: 7.0.0
  resolution: "pino-std-serializers@npm:7.0.0"
  checksum: 73e694d542e8de94445a03a98396cf383306de41fd75ecc07085d57ed7a57896198508a0dec6eefad8d701044af21eb27253ccc352586a03cf0d4a0bd25b4133
  languageName: node
  linkType: hard

"pino@npm:^9.0.0":
  version: 9.1.0
  resolution: "pino@npm:9.1.0"
  dependencies:
    atomic-sleep: ^1.0.0
    fast-redact: ^3.1.1
    on-exit-leak-free: ^2.1.0
    pino-abstract-transport: ^1.2.0
    pino-std-serializers: ^7.0.0
    process-warning: ^3.0.0
    quick-format-unescaped: ^4.0.3
    real-require: ^0.2.0
    safe-stable-stringify: ^2.3.1
    sonic-boom: ^4.0.1
    thread-stream: ^3.0.0
  bin:
    pino: bin.js
  checksum: d060530ae2e4e8f21d04bb0f44f009f94d207d7f4337f508f618416514214ddaf1b29f8c5c265153a19ce3b6480b451461f40020f916ace9d53a5aa07624b79c
  languageName: node
  linkType: hard

"process-warning@npm:^3.0.0":
  version: 3.0.0
  resolution: "process-warning@npm:3.0.0"
  checksum: 60f3c8ddee586f0706c1e6cb5aa9c86df05774b9330d792d7c8851cf0031afd759d665404d07037e0b4901b55c44a423f07bdc465c63de07d8d23196bb403622
  languageName: node
  linkType: hard

"process@npm:^0.11.10":
  version: 0.11.10
  resolution: "process@npm:0.11.10"
  checksum: 40c3ce4b7e6d4b8c3355479df77aeed46f81b279818ccdc500124e6a5ab882c0cc81ff7ea16384873a95a74c4570b01b120f287abbdd4c877931460eca6084b3
  languageName: node
  linkType: hard

"proxy-addr@npm:^2.0.7":
  version: 2.0.7
  resolution: "proxy-addr@npm:2.0.7"
  dependencies:
    forwarded: 0.2.0
    ipaddr.js: 1.9.1
  checksum: c3eed999781a35f7fd935f398b6d8920b6fb00bbc14287bc6de78128ccc1a02c89b95b56742bf7cf0362cc333c61d138532049c7dedc7a328ef13343eff81210
  languageName: node
  linkType: hard

"punycode@npm:^2.1.0":
  version: 2.3.1
  resolution: "punycode@npm:2.3.1"
  checksum: 14f76a8206bc3464f794fb2e3d3cc665ae416c01893ad7a02b23766eb07159144ee612ad67af5e84fa4479ccfe67678c4feb126b0485651b302babf66f04f9e9
  languageName: node
  linkType: hard

"quick-format-unescaped@npm:^4.0.3":
  version: 4.0.4
  resolution: "quick-format-unescaped@npm:4.0.4"
  checksum: fe5acc6f775b172ca5b4373df26f7e4fd347975578199e7d74b2ae4077f0af05baa27d231de1e80e8f72d88275ccc6028568a7a8c9ee5e7368ace0e18eff93a4
  languageName: node
  linkType: hard

"readable-stream@npm:^4.0.0":
  version: 4.5.2
  resolution: "readable-stream@npm:4.5.2"
  dependencies:
    abort-controller: ^3.0.0
    buffer: ^6.0.3
    events: ^3.3.0
    process: ^0.11.10
    string_decoder: ^1.3.0
  checksum: a2c80e0e53aabd91d7df0330929e32d0a73219f9477dbbb18472f6fdd6a11a699fc5d172a1beff98d50eae4f1496c950ffa85b7cc2c4c196963f289a5f39275d
  languageName: node
  linkType: hard

"real-require@npm:^0.2.0":
  version: 0.2.0
  resolution: "real-require@npm:0.2.0"
  checksum: 23eea5623642f0477412ef8b91acd3969015a1501ed34992ada0e3af521d3c865bb2fe4cdbfec5fe4b505f6d1ef6a03e5c3652520837a8c3b53decff7e74b6a0
  languageName: node
  linkType: hard

"require-from-string@npm:^2.0.2":
  version: 2.0.2
  resolution: "require-from-string@npm:2.0.2"
  checksum: aaa267e0c5b022fc5fd4eef49d8285086b15f2a1c54b28240fdf03599cbd9c26049fee3eab894f2e1f6ca65e513b030a7c264201e3f005601e80c49fb2937ce2
  languageName: node
  linkType: hard

"ret@npm:~0.4.0":
  version: 0.4.3
  resolution: "ret@npm:0.4.3"
  checksum: 93e4e81cf393ebbafa1a26816e0b22ad0e2539c10e267d46ce8754c3f385b7aa839772ee1f83fdd2487b43d1081f29af41a19160e85456311f6f1778e14ba66b
  languageName: node
  linkType: hard

"reusify@npm:^1.0.4":
  version: 1.0.4
  resolution: "reusify@npm:1.0.4"
  checksum: c19ef26e4e188f408922c46f7ff480d38e8dfc55d448310dfb518736b23ed2c4f547fb64a6ed5bdba92cd7e7ddc889d36ff78f794816d5e71498d645ef476107
  languageName: node
  linkType: hard

"rfdc@npm:^1.2.0, rfdc@npm:^1.3.0":
  version: 1.3.1
  resolution: "rfdc@npm:1.3.1"
  checksum: 69f65e3ed30970f8055fac9fbbef9ce578800ca19554eab1dcbffe73a4b8aef536bc4248313889cf25e3b4e38b212c721eabe30856575bf2b2bc3d90f8ba93ef
  languageName: node
  linkType: hard

"safe-buffer@npm:~5.2.0":
  version: 5.2.1
  resolution: "safe-buffer@npm:5.2.1"
  checksum: 6501914237c0a86e9675d4e51d89ca3c21ffd6a31642efeba25ad65720bce6921c9e7e974e5be91a786b25aa058b5303285d3c15dbabf983a919f5f630d349f3
  languageName: node
  linkType: hard

"safe-regex2@npm:^3.1.0":
  version: 3.1.0
  resolution: "safe-regex2@npm:3.1.0"
  dependencies:
    ret: ~0.4.0
  checksum: 5e5e7f9f116ddfd324b1fdc65ad4470937eebc8883d34669ce8c5afbda64f1954e5e4c2e754ef6281e5f6762e0b8c4e20fb9eec4d47355526f8cc1f6a9764624
  languageName: node
  linkType: hard

"safe-stable-stringify@npm:^2.3.1":
  version: 2.4.3
  resolution: "safe-stable-stringify@npm:2.4.3"
  checksum: 81dede06b8f2ae794efd868b1e281e3c9000e57b39801c6c162267eb9efda17bd7a9eafa7379e1f1cacd528d4ced7c80d7460ad26f62ada7c9e01dec61b2e768
  languageName: node
  linkType: hard

"secure-json-parse@npm:^2.7.0":
  version: 2.7.0
  resolution: "secure-json-parse@npm:2.7.0"
  checksum: f57eb6a44a38a3eeaf3548228585d769d788f59007454214fab9ed7f01fbf2e0f1929111da6db28cf0bcc1a2e89db5219a59e83eeaec3a54e413a0197ce879e4
  languageName: node
  linkType: hard

"semver@npm:^7.5.4":
  version: 7.6.2
  resolution: "semver@npm:7.6.2"
  bin:
    semver: bin/semver.js
  checksum: 97d3441e97ace8be4b1976433d1c32658f6afaff09f143e52c593bae7eef33de19e3e369c88bd985ce1042c6f441c80c6803078d1de2a9988080b66684cbb30c
  languageName: node
  linkType: hard

"set-cookie-parser@npm:^2.4.1":
  version: 2.6.0
  resolution: "set-cookie-parser@npm:2.6.0"
  checksum: 739da029f0e56806a103fcd5501d9c475e19e77bd8274192d7ae5c374ae714a82bba9a7ac00b0330a18227c5644b08df9e442240527be578f5a6030f9bb2bb80
  languageName: node
  linkType: hard

"sonic-boom@npm:^4.0.1":
  version: 4.0.1
  resolution: "sonic-boom@npm:4.0.1"
  dependencies:
    atomic-sleep: ^1.0.0
  checksum: 7b467f2bc8af7ff60bf210382f21c59728cc4b769af9b62c31dd88723f5cc472752d2320736cc366acc7c765ddd5bec3072c033b0faf249923f576a7453ba9d3
  languageName: node
  linkType: hard

"split2@npm:^4.0.0":
  version: 4.2.0
  resolution: "split2@npm:4.2.0"
  checksum: b292beb8ce9215f8c642bb68be6249c5a4c7f332fc8ecadae7be5cbdf1ea95addc95f0459ef2e7ad9d45fd1064698a097e4eb211c83e772b49bc0ee423e91534
  languageName: node
  linkType: hard

"string_decoder@npm:^1.3.0":
  version: 1.3.0
  resolution: "string_decoder@npm:1.3.0"
  dependencies:
    safe-buffer: ~5.2.0
  checksum: 810614ddb030e271cd591935dcd5956b2410dd079d64ff92a1844d6b7588bf992b3e1b69b0f4d34a3e06e0bd73046ac646b5264c1987b20d0601f81ef35d731d
  languageName: node
  linkType: hard

"thread-stream@npm:^3.0.0":
  version: 3.0.1
  resolution: "thread-stream@npm:3.0.1"
  dependencies:
    real-require: ^0.2.0
  checksum: 6d626443595b7f8e646b521b4111fbd88ebd7f56e884048c96caa836d83a0f85b996b3438187dc84df45bce76171183592ff7b1cfb0bb85300b26c24d7a2325f
  languageName: node
  linkType: hard

"toad-cache@npm:^3.3.0":
  version: 3.7.0
  resolution: "toad-cache@npm:3.7.0"
  checksum: 7dae2782ee20b22c9798bb8b71dec7ec6a0091021d2ea9dd6e8afccab6b65b358fdba49a02209fac574499702e2c000660721516c87c2538d1b2c0ba03e8c0c3
  languageName: node
  linkType: hard

"ts-node@npm:^10.9.2":
  version: 10.9.2
  resolution: "ts-node@npm:10.9.2"
  dependencies:
    "@cspotcode/source-map-support": ^0.8.0
    "@tsconfig/node10": ^1.0.7
    "@tsconfig/node12": ^1.0.7
    "@tsconfig/node14": ^1.0.0
    "@tsconfig/node16": ^1.0.2
    acorn: ^8.4.1
    acorn-walk: ^8.1.1
    arg: ^4.1.0
    create-require: ^1.1.0
    diff: ^4.0.1
    make-error: ^1.1.1
    v8-compile-cache-lib: ^3.0.1
    yn: 3.1.1
  peerDependencies:
    "@swc/core": ">=1.2.50"
    "@swc/wasm": ">=1.2.50"
    "@types/node": "*"
    typescript: ">=2.7"
  peerDependenciesMeta:
    "@swc/core":
      optional: true
    "@swc/wasm":
      optional: true
  bin:
    ts-node: dist/bin.js
    ts-node-cwd: dist/bin-cwd.js
    ts-node-esm: dist/bin-esm.js
    ts-node-script: dist/bin-script.js
    ts-node-transpile-only: dist/bin-transpile.js
    ts-script: dist/bin-script-deprecated.js
  checksum: 5f29938489f96982a25ba650b64218e83a3357d76f7bede80195c65ab44ad279c8357264639b7abdd5d7e75fc269a83daa0e9c62fd8637a3def67254ecc9ddc2
  languageName: node
  linkType: hard

"typescript@npm:^5.4.5":
  version: 5.4.5
  resolution: "typescript@npm:5.4.5"
  bin:
    tsc: bin/tsc
    tsserver: bin/tsserver
  checksum: 2954022ada340fd3d6a9e2b8e534f65d57c92d5f3989a263754a78aba549f7e6529acc1921913560a4b816c46dce7df4a4d29f9f11a3dc0d4213bb76d043251e
  languageName: node
  linkType: hard

"typescript@patch:typescript@^5.4.5#~builtin<compat/typescript>":
  version: 5.4.5
  resolution: "typescript@patch:typescript@npm%3A5.4.5#~builtin<compat/typescript>::version=5.4.5&hash=ad5954"
  bin:
    tsc: bin/tsc
    tsserver: bin/tsserver
  checksum: 9cf4c053893bcf327d101b6c024a55baf05430dc30263f9adb1bf354aeffc11306fe1f23ba2f9a0209674359f16219b5b7d229e923477b94831d07d5a33a4217
  languageName: node
  linkType: hard

"undici-types@npm:~5.26.4":
  version: 5.26.5
  resolution: "undici-types@npm:5.26.5"
  checksum: bb673d7876c2d411b6eb6c560e0c571eef4a01c1c19925175d16e3a30c4c428181fb8d7ae802a261f283e4166a0ac435e2f505743aa9e45d893f9a3df017b501
  languageName: node
  linkType: hard

"uri-js@npm:^4.4.1":
  version: 4.4.1
  resolution: "uri-js@npm:4.4.1"
  dependencies:
    punycode: ^2.1.0
  checksum: 4ef57b45aa820d7ac6496e9208559986c665e49447cb072744c13b66925a362d96dd5a46c4530a6b8e203e5db5fe849369444440cb22ecfc26c679359e5dfa3c
  languageName: node
  linkType: hard

"v8-compile-cache-lib@npm:^3.0.1":
  version: 3.0.1
  resolution: "v8-compile-cache-lib@npm:3.0.1"
  checksum: bdc36fb8095d3b41df197f5fb6f11e3a26adf4059df3213e3baa93810d8f0cc76f9a74aaefc18b73e91fe7e19154ed6f134eda6fded2e0f1c8d2272ed2d2d391
  languageName: node
  linkType: hard

"yn@npm:3.1.1":
  version: 3.1.1
  resolution: "yn@npm:3.1.1"
  checksum: 0732468dd7622ed8a274f640f191f3eaf1f39d5349a1b72836df484998d7d9807fbea094e2f5486d6b0cd2414aad5775972df0e68f8604db89a239f0f4bf7443
  languageName: node
  linkType: hard

"zu-git-proofs-server@workspace:packages/zu-git-proofs-server":
  version: 0.0.0-use.local
  resolution: "zu-git-proofs-server@workspace:packages/zu-git-proofs-server"
  dependencies:
    "@fastify/cors": ^9.0.1
    "@fastify/env": ^4.3.0
    "@tsconfig/node20": ^20.1.4
    "@types/node": ^20.12.12
    fastify: ^4.27.0
    ts-node: ^10.9.2
    typescript: ^5.4.5
  languageName: unknown
  linkType: soft

"zu-git-proofs@workspace:.":
  version: 0.0.0-use.local
  resolution: "zu-git-proofs@workspace:."
  languageName: unknown
  linkType: soft
